// !$*UTF8*$!
{
	archiveVersion = 1;
	classes = {
	};
	objectVersion = 50;
	objects = {

/* Begin PBXBuildFile section */
		BF398781254131FC0016B94C /* AppDelegate.swift in Sources */ = {isa = PBXBuildFile; fileRef = BF398780254131FC0016B94C /* AppDelegate.swift */; };
		BF398783254131FC0016B94C /* SceneDelegate.swift in Sources */ = {isa = PBXBuildFile; fileRef = BF398782254131FC0016B94C /* SceneDelegate.swift */; };
		BF398788254131FC0016B94C /* Main.storyboard in Resources */ = {isa = PBXBuildFile; fileRef = BF398786254131FC0016B94C /* Main.storyboard */; };
		BF39878A254131FD0016B94C /* Assets.xcassets in Resources */ = {isa = PBXBuildFile; fileRef = BF398789254131FD0016B94C /* Assets.xcassets */; };
		BF39878D254131FD0016B94C /* LaunchScreen.storyboard in Resources */ = {isa = PBXBuildFile; fileRef = BF39878B254131FD0016B94C /* LaunchScreen.storyboard */; };
		BF398798254131FD0016B94C /* RandomColorTests.swift in Sources */ = {isa = PBXBuildFile; fileRef = BF398797254131FD0016B94C /* RandomColorTests.swift */; };
		BF3987A3254131FD0016B94C /* RandomColorUITests.swift in Sources */ = {isa = PBXBuildFile; fileRef = BF3987A2254131FD0016B94C /* RandomColorUITests.swift */; };
		BF3987B7254133CA0016B94C /* ColorTablesVC.swift in Sources */ = {isa = PBXBuildFile; fileRef = BF3987B6254133CA0016B94C /* ColorTablesVC.swift */; };
		BF3987BC254137CC0016B94C /* ColorsDetailVC.swift in Sources */ = {isa = PBXBuildFile; fileRef = BF3987BB254137CC0016B94C /* ColorsDetailVC.swift */; };
		BF3987C4254154A20016B94C /* UIColor+Ext.swift in Sources */ = {isa = PBXBuildFile; fileRef = BF3987C3254154A20016B94C /* UIColor+Ext.swift */; };
/* End PBXBuildFile section */

/* Begin PBXContainerItemProxy section */
		BF398794254131FD0016B94C /* PBXContainerItemProxy */ = {
			isa = PBXContainerItemProxy;
			containerPortal = BF398775254131FC0016B94C /* Project object */;
			proxyType = 1;
			remoteGlobalIDString = BF39877C254131FC0016B94C;
			remoteInfo = RandomColor;
		};
		BF39879F254131FD0016B94C /* PBXContainerItemProxy */ = {
			isa = PBXContainerItemProxy;
			containerPortal = BF398775254131FC0016B94C /* Project object */;
			proxyType = 1;
			remoteGlobalIDString = BF39877C254131FC0016B94C;
			remoteInfo = RandomColor;
		};
/* End PBXContainerItemProxy section */

/* Begin PBXFileReference section */
		BF39877D254131FC0016B94C /* RandomColor.app */ = {isa = PBXFileReference; explicitFileType = wrapper.application; includeInIndex = 0; path = RandomColor.app; sourceTree = BUILT_PRODUCTS_DIR; };
		BF398780254131FC0016B94C /* AppDelegate.swift */ = {isa = PBXFileReference; lastKnownFileType = sourcecode.swift; path = AppDelegate.swift; sourceTree = "<group>"; };
		BF398782254131FC0016B94C /* SceneDelegate.swift */ = {isa = PBXFileReference; lastKnownFileType = sourcecode.swift; path = SceneDelegate.swift; sourceTree = "<group>"; };
		BF398787254131FC0016B94C /* Base */ = {isa = PBXFileReference; lastKnownFileType = file.storyboard; name = Base; path = Base.lproj/Main.storyboard; sourceTree = "<group>"; };
		BF398789254131FD0016B94C /* Assets.xcassets */ = {isa = PBXFileReference; lastKnownFileType = folder.assetcatalog; path = Assets.xcassets; sourceTree = "<group>"; };
		BF39878C254131FD0016B94C /* Base */ = {isa = PBXFileReference; lastKnownFileType = file.storyboard; name = Base; path = Base.lproj/LaunchScreen.storyboard; sourceTree = "<group>"; };
		BF39878E254131FD0016B94C /* Info.plist */ = {isa = PBXFileReference; lastKnownFileType = text.plist.xml; path = Info.plist; sourceTree = "<group>"; };
		BF398793254131FD0016B94C /* RandomColorTests.xctest */ = {isa = PBXFileReference; explicitFileType = wrapper.cfbundle; includeInIndex = 0; path = RandomColorTests.xctest; sourceTree = BUILT_PRODUCTS_DIR; };
		BF398797254131FD0016B94C /* RandomColorTests.swift */ = {isa = PBXFileReference; lastKnownFileType = sourcecode.swift; path = RandomColorTests.swift; sourceTree = "<group>"; };
		BF398799254131FD0016B94C /* Info.plist */ = {isa = PBXFileReference; lastKnownFileType = text.plist.xml; path = Info.plist; sourceTree = "<group>"; };
		BF39879E254131FD0016B94C /* RandomColorUITests.xctest */ = {isa = PBXFileReference; explicitFileType = wrapper.cfbundle; includeInIndex = 0; path = RandomColorUITests.xctest; sourceTree = BUILT_PRODUCTS_DIR; };
		BF3987A2254131FD0016B94C /* RandomColorUITests.swift */ = {isa = PBXFileReference; lastKnownFileType = sourcecode.swift; path = RandomColorUITests.swift; sourceTree = "<group>"; };
		BF3987A4254131FD0016B94C /* Info.plist */ = {isa = PBXFileReference; lastKnownFileType = text.plist.xml; path = Info.plist; sourceTree = "<group>"; };
		BF3987B6254133CA0016B94C /* ColorTablesVC.swift */ = {isa = PBXFileReference; lastKnownFileType = sourcecode.swift; path = ColorTablesVC.swift; sourceTree = "<group>"; };
		BF3987BB254137CC0016B94C /* ColorsDetailVC.swift */ = {isa = PBXFileReference; lastKnownFileType = sourcecode.swift; path = ColorsDetailVC.swift; sourceTree = "<group>"; };
		BF3987C3254154A20016B94C /* UIColor+Ext.swift */ = {isa = PBXFileReference; lastKnownFileType = sourcecode.swift; path = "UIColor+Ext.swift"; sourceTree = "<group>"; };
/* End PBXFileReference section */

/* Begin PBXFrameworksBuildPhase section */
		BF39877A254131FC0016B94C /* Frameworks */ = {
			isa = PBXFrameworksBuildPhase;
			buildActionMask = 2147483647;
			files = (
			);
			runOnlyForDeploymentPostprocessing = 0;
		};
		BF398790254131FD0016B94C /* Frameworks */ = {
			isa = PBXFrameworksBuildPhase;
			buildActionMask = 2147483647;
			files = (
			);
			runOnlyForDeploymentPostprocessing = 0;
		};
		BF39879B254131FD0016B94C /* Frameworks */ = {
			isa = PBXFrameworksBuildPhase;
			buildActionMask = 2147483647;
			files = (
			);
			runOnlyForDeploymentPostprocessing = 0;
		};
/* End PBXFrameworksBuildPhase section */

/* Begin PBXGroup section */
		BF398774254131FC0016B94C = {
			isa = PBXGroup;
			children = (
				BF39877F254131FC0016B94C /* RandomColor */,
				BF398796254131FD0016B94C /* RandomColorTests */,
				BF3987A1254131FD0016B94C /* RandomColorUITests */,
				BF39877E254131FC0016B94C /* Products */,
			);
			sourceTree = "<group>";
		};
		BF39877E254131FC0016B94C /* Products */ = {
			isa = PBXGroup;
			children = (
				BF39877D254131FC0016B94C /* RandomColor.app */,
				BF398793254131FD0016B94C /* RandomColorTests.xctest */,
				BF39879E254131FD0016B94C /* RandomColorUITests.xctest */,
			);
			name = Products;
			sourceTree = "<group>";
		};
		BF39877F254131FC0016B94C /* RandomColor */ = {
			isa = PBXGroup;
			children = (
				BF398780254131FC0016B94C /* AppDelegate.swift */,
				BF398782254131FC0016B94C /* SceneDelegate.swift */,
				BF398786254131FC0016B94C /* Main.storyboard */,
				BF3987B6254133CA0016B94C /* ColorTablesVC.swift */,
				BF3987BB254137CC0016B94C /* ColorsDetailVC.swift */,
				BF398789254131FD0016B94C /* Assets.xcassets */,
				BF39878B254131FD0016B94C /* LaunchScreen.storyboard */,
				BF39878E254131FD0016B94C /* Info.plist */,
				BF3987C3254154A20016B94C /* UIColor+Ext.swift */,
			);
			path = RandomColor;
			sourceTree = "<group>";
		};
		BF398796254131FD0016B94C /* RandomColorTests */ = {
			isa = PBXGroup;
			children = (
				BF398797254131FD0016B94C /* RandomColorTests.swift */,
				BF398799254131FD0016B94C /* Info.plist */,
			);
			path = RandomColorTests;
			sourceTree = "<group>";
		};
		BF3987A1254131FD0016B94C /* RandomColorUITests */ = {
			isa = PBXGroup;
			children = (
				BF3987A2254131FD0016B94C /* RandomColorUITests.swift */,
				BF3987A4254131FD0016B94C /* Info.plist */,
			);
			path = RandomColorUITests;
			sourceTree = "<group>";
		};
/* End PBXGroup section */

/* Begin PBXNativeTarget section */
		BF39877C254131FC0016B94C /* RandomColor */ = {
			isa = PBXNativeTarget;
			buildConfigurationList = BF3987A7254131FD0016B94C /* Build configuration list for PBXNativeTarget "RandomColor" */;
			buildPhases = (
				BF398779254131FC0016B94C /* Sources */,
				BF39877A254131FC0016B94C /* Frameworks */,
				BF39877B254131FC0016B94C /* Resources */,
			);
			buildRules = (
			);
			dependencies = (
			);
			name = RandomColor;
			productName = RandomColor;
			productReference = BF39877D254131FC0016B94C /* RandomColor.app */;
			productType = "com.apple.product-type.application";
		};
		BF398792254131FD0016B94C /* RandomColorTests */ = {
			isa = PBXNativeTarget;
			buildConfigurationList = BF3987AA254131FD0016B94C /* Build configuration list for PBXNativeTarget "RandomColorTests" */;
			buildPhases = (
				BF39878F254131FD0016B94C /* Sources */,
				BF398790254131FD0016B94C /* Frameworks */,
				BF398791254131FD0016B94C /* Resources */,
			);
			buildRules = (
			);
			dependencies = (
				BF398795254131FD0016B94C /* PBXTargetDependency */,
			);
			name = RandomColorTests;
			productName = RandomColorTests;
			productReference = BF398793254131FD0016B94C /* RandomColorTests.xctest */;
			productType = "com.apple.product-type.bundle.unit-test";
		};
		BF39879D254131FD0016B94C /* RandomColorUITests */ = {
			isa = PBXNativeTarget;
			buildConfigurationList = BF3987AD254131FD0016B94C /* Build configuration list for PBXNativeTarget "RandomColorUITests" */;
			buildPhases = (
				BF39879A254131FD0016B94C /* Sources */,
				BF39879B254131FD0016B94C /* Frameworks */,
				BF39879C254131FD0016B94C /* Resources */,
			);
			buildRules = (
			);
			dependencies = (
				BF3987A0254131FD0016B94C /* PBXTargetDependency */,
			);
			name = RandomColorUITests;
			productName = RandomColorUITests;
			productReference = BF39879E254131FD0016B94C /* RandomColorUITests.xctest */;
			productType = "com.apple.product-type.bundle.ui-testing";
		};
/* End PBXNativeTarget section */

/* Begin PBXProject section */
		BF398775254131FC0016B94C /* Project object */ = {
			isa = PBXProject;
			attributes = {
				LastSwiftUpdateCheck = 1200;
				LastUpgradeCheck = 1200;
				TargetAttributes = {
					BF39877C254131FC0016B94C = {
						CreatedOnToolsVersion = 12.0.1;
					};
					BF398792254131FD0016B94C = {
						CreatedOnToolsVersion = 12.0.1;
						TestTargetID = BF39877C254131FC0016B94C;
					};
					BF39879D254131FD0016B94C = {
						CreatedOnToolsVersion = 12.0.1;
						TestTargetID = BF39877C254131FC0016B94C;
					};
				};
			};
			buildConfigurationList = BF398778254131FC0016B94C /* Build configuration list for PBXProject "RandomColor" */;
			compatibilityVersion = "Xcode 9.3";
			developmentRegion = en;
			hasScannedForEncodings = 0;
			knownRegions = (
				en,
				Base,
			);
			mainGroup = BF398774254131FC0016B94C;
			productRefGroup = BF39877E254131FC0016B94C /* Products */;
			projectDirPath = "";
			projectRoot = "";
			targets = (
				BF39877C254131FC0016B94C /* RandomColor */,
				BF398792254131FD0016B94C /* RandomColorTests */,
				BF39879D254131FD0016B94C /* RandomColorUITests */,
			);
		};
/* End PBXProject section */

/* Begin PBXResourcesBuildPhase section */
		BF39877B254131FC0016B94C /* Resources */ = {
			isa = PBXResourcesBuildPhase;
			buildActionMask = 2147483647;
			files = (
				BF39878D254131FD0016B94C /* LaunchScreen.storyboard in Resources */,
				BF39878A254131FD0016B94C /* Assets.xcassets in Resources */,
				BF398788254131FC0016B94C /* Main.storyboard in Resources */,
			);
			runOnlyForDeploymentPostprocessing = 0;
		};
		BF398791254131FD0016B94C /* Resources */ = {
			isa = PBXResourcesBuildPhase;
			buildActionMask = 2147483647;
			files = (
			);
			runOnlyForDeploymentPostprocessing = 0;
		};
		BF39879C254131FD0016B94C /* Resources */ = {
			isa = PBXResourcesBuildPhase;
			buildActionMask = 2147483647;
			files = (
			);
			runOnlyForDeploymentPostprocessing = 0;
		};
/* End PBXResourcesBuildPhase section */

/* Begin PBXSourcesBuildPhase section */
		BF398779254131FC0016B94C /* Sources */ = {
			isa = PBXSourcesBuildPhase;
			buildActionMask = 2147483647;
			files = (
				BF398781254131FC0016B94C /* AppDelegate.swift in Sources */,
				BF3987BC254137CC0016B94C /* ColorsDetailVC.swift in Sources */,
				BF3987C4254154A20016B94C /* UIColor+Ext.swift in Sources */,
				BF398783254131FC0016B94C /* SceneDelegate.swift in Sources */,
				BF3987B7254133CA0016B94C /* ColorTablesVC.swift in Sources */,
			);
			runOnlyForDeploymentPostprocessing = 0;
		};
		BF39878F254131FD0016B94C /* Sources */ = {
			isa = PBXSourcesBuildPhase;
			buildActionMask = 2147483647;
			files = (
				BF398798254131FD0016B94C /* RandomColorTests.swift in Sources */,
			);
			runOnlyForDeploymentPostprocessing = 0;
		};
		BF39879A254131FD0016B94C /* Sources */ = {
			isa = PBXSourcesBuildPhase;
			buildActionMask = 2147483647;
			files = (
				BF3987A3254131FD0016B94C /* RandomColorUITests.swift in Sources */,
			);
			runOnlyForDeploymentPostprocessing = 0;
		};
/* End PBXSourcesBuildPhase section */

/* Begin PBXTargetDependency section */
		BF398795254131FD0016B94C /* PBXTargetDependency */ = {
			isa = PBXTargetDependency;
			target = BF39877C254131FC0016B94C /* RandomColor */;
			targetProxy = BF398794254131FD0016B94C /* PBXContainerItemProxy */;
		};
		BF3987A0254131FD0016B94C /* PBXTargetDependency */ = {
			isa = PBXTargetDependency;
			target = BF39877C254131FC0016B94C /* RandomColor */;
			targetProxy = BF39879F254131FD0016B94C /* PBXContainerItemProxy */;
		};
/* End PBXTargetDependency section */

/* Begin PBXVariantGroup section */
		BF398786254131FC0016B94C /* Main.storyboard */ = {
			isa = PBXVariantGroup;
			children = (
				BF398787254131FC0016B94C /* Base */,
			);
			name = Main.storyboard;
			sourceTree = "<group>";
		};
		BF39878B254131FD0016B94C /* LaunchScreen.storyboard */ = {
			isa = PBXVariantGroup;
			children = (
				BF39878C254131FD0016B94C /* Base */,
			);
			name = LaunchScreen.storyboard;
			sourceTree = "<group>";
		};
/* End PBXVariantGroup section */

/* Begin XCBuildConfiguration section */
		BF3987A5254131FD0016B94C /* Debug */ = {
			isa = XCBuildConfiguration;
			buildSettings = {
				ALWAYS_SEARCH_USER_PATHS = NO;
				CLANG_ANALYZER_NONNULL = YES;
				CLANG_ANALYZER_NUMBER_OBJECT_CONVERSION = YES_AGGRESSIVE;
				CLANG_CXX_LANGUAGE_STANDARD = "gnu++14";
				CLANG_CXX_LIBRARY = "libc++";
				CLANG_ENABLE_MODULES = YES;
				CLANG_ENABLE_OBJC_ARC = YES;
				CLANG_ENABLE_OBJC_WEAK = YES;
				CLANG_WARN_BLOCK_CAPTURE_AUTORELEASING = YES;
				CLANG_WARN_BOOL_CONVERSION = YES;
				CLANG_WARN_COMMA = YES;
				CLANG_WARN_CONSTANT_CONVERSION = YES;
				CLANG_WARN_DEPRECATED_OBJC_IMPLEMENTATIONS = YES;
				CLANG_WARN_DIRECT_OBJC_ISA_USAGE = YES_ERROR;
				CLANG_WARN_DOCUMENTATION_COMMENTS = YES;
				CLANG_WARN_EMPTY_BODY = YES;
				CLANG_WARN_ENUM_CONVERSION = YES;
				CLANG_WARN_INFINITE_RECURSION = YES;
				CLANG_WARN_INT_CONVERSION = YES;
				CLANG_WARN_NON_LITERAL_NULL_CONVERSION = YES;
				CLANG_WARN_OBJC_IMPLICIT_RETAIN_SELF = YES;
				CLANG_WARN_OBJC_LITERAL_CONVERSION = YES;
				CLANG_WARN_OBJC_ROOT_CLASS = YES_ERROR;
				CLANG_WARN_QUOTED_INCLUDE_IN_FRAMEWORK_HEADER = YES;
				CLANG_WARN_RANGE_LOOP_ANALYSIS = YES;
				CLANG_WARN_STRICT_PROTOTYPES = YES;
				CLANG_WARN_SUSPICIOUS_MOVE = YES;
				CLANG_WARN_UNGUARDED_AVAILABILITY = YES_AGGRESSIVE;
				CLANG_WARN_UNREACHABLE_CODE = YES;
				CLANG_WARN__DUPLICATE_METHOD_MATCH = YES;
				COPY_PHASE_STRIP = NO;
				DEBUG_INFORMATION_FORMAT = dwarf;
				ENABLE_STRICT_OBJC_MSGSEND = YES;
				ENABLE_TESTABILITY = YES;
				GCC_C_LANGUAGE_STANDARD = gnu11;
				GCC_DYNAMIC_NO_PIC = NO;
				GCC_NO_COMMON_BLOCKS = YES;
				GCC_OPTIMIZATION_LEVEL = 0;
				GCC_PREPROCESSOR_DEFINITIONS = (
					"DEBUG=1",
					"$(inherited)",
				);
				GCC_WARN_64_TO_32_BIT_CONVERSION = YES;
				GCC_WARN_ABOUT_RETURN_TYPE = YES_ERROR;
				GCC_WARN_UNDECLARED_SELECTOR = YES;
				GCC_WARN_UNINITIALIZED_AUTOS = YES_AGGRESSIVE;
				GCC_WARN_UNUSED_FUNCTION = YES;
				GCC_WARN_UNUSED_VARIABLE = YES;
				IPHONEOS_DEPLOYMENT_TARGET = 14.0;
				MTL_ENABLE_DEBUG_INFO = INCLUDE_SOURCE;
				MTL_FAST_MATH = YES;
				ONLY_ACTIVE_ARCH = YES;
				SDKROOT = iphoneos;
				SWIFT_ACTIVE_COMPILATION_CONDITIONS = DEBUG;
				SWIFT_OPTIMIZATION_LEVEL = "-Onone";
			};
			name = Debug;
		};
		BF3987A6254131FD0016B94C /* Release */ = {
			isa = XCBuildConfiguration;
			buildSettings = {
				ALWAYS_SEARCH_USER_PATHS = NO;
				CLANG_ANALYZER_NONNULL = YES;
				CLANG_ANALYZER_NUMBER_OBJECT_CONVERSION = YES_AGGRESSIVE;
				CLANG_CXX_LANGUAGE_STANDARD = "gnu++14";
				CLANG_CXX_LIBRARY = "libc++";
				CLANG_ENABLE_MODULES = YES;
				CLANG_ENABLE_OBJC_ARC = YES;
				CLANG_ENABLE_OBJC_WEAK = YES;
				CLANG_WARN_BLOCK_CAPTURE_AUTORELEASING = YES;
				CLANG_WARN_BOOL_CONVERSION = YES;
				CLANG_WARN_COMMA = YES;
				CLANG_WARN_CONSTANT_CONVERSION = YES;
				CLANG_WARN_DEPRECATED_OBJC_IMPLEMENTATIONS = YES;
				CLANG_WARN_DIRECT_OBJC_ISA_USAGE = YES_ERROR;
				CLANG_WARN_DOCUMENTATION_COMMENTS = YES;
				CLANG_WARN_EMPTY_BODY = YES;
				CLANG_WARN_ENUM_CONVERSION = YES;
				CLANG_WARN_INFINITE_RECURSION = YES;
				CLANG_WARN_INT_CONVERSION = YES;
				CLANG_WARN_NON_LITERAL_NULL_CONVERSION = YES;
				CLANG_WARN_OBJC_IMPLICIT_RETAIN_SELF = YES;
				CLANG_WARN_OBJC_LITERAL_CONVERSION = YES;
				CLANG_WARN_OBJC_ROOT_CLASS = YES_ERROR;
				CLANG_WARN_QUOTED_INCLUDE_IN_FRAMEWORK_HEADER = YES;
				CLANG_WARN_RANGE_LOOP_ANALYSIS = YES;
				CLANG_WARN_STRICT_PROTOTYPES = YES;
				CLANG_WARN_SUSPICIOUS_MOVE = YES;
				CLANG_WARN_UNGUARDED_AVAILABILITY = YES_AGGRESSIVE;
				CLANG_WARN_UNREACHABLE_CODE = YES;
				CLANG_WARN__DUPLICATE_METHOD_MATCH = YES;
				COPY_PHASE_STRIP = NO;
				DEBUG_INFORMATION_FORMAT = "dwarf-with-dsym";
				ENABLE_NS_ASSERTIONS = NO;
				ENABLE_STRICT_OBJC_MSGSEND = YES;
				GCC_C_LANGUAGE_STANDARD = gnu11;
				GCC_NO_COMMON_BLOCKS = YES;
				GCC_WARN_64_TO_32_BIT_CONVERSION = YES;
				GCC_WARN_ABOUT_RETURN_TYPE = YES_ERROR;
				GCC_WARN_UNDECLARED_SELECTOR = YES;
				GCC_WARN_UNINITIALIZED_AUTOS = YES_AGGRESSIVE;
				GCC_WARN_UNUSED_FUNCTION = YES;
				GCC_WARN_UNUSED_VARIABLE = YES;
				IPHONEOS_DEPLOYMENT_TARGET = 14.0;
				MTL_ENABLE_DEBUG_INFO = NO;
				MTL_FAST_MATH = YES;
				SDKROOT = iphoneos;
				SWIFT_COMPILATION_MODE = wholemodule;
				SWIFT_OPTIMIZATION_LEVEL = "-O";
				VALIDATE_PRODUCT = YES;
			};
			name = Release;
		};
		BF3987A8254131FD0016B94C /* Debug */ = {
			isa = XCBuildConfiguration;
			buildSettings = {
				ASSETCATALOG_COMPILER_APPICON_NAME = AppIcon;
				ASSETCATALOG_COMPILER_GLOBAL_ACCENT_COLOR_NAME = AccentColor;
				CODE_SIGN_STYLE = Automatic;
				DEVELOPMENT_TEAM = RUT7ZF4U86;
				INFOPLIST_FILE = RandomColor/Info.plist;
				LD_RUNPATH_SEARCH_PATHS = (
					"$(inherited)",
					"@executable_path/Frameworks",
				);
				PRODUCT_BUNDLE_IDENTIFIER = io.jacobb.RandomColor;
				PRODUCT_NAME = "$(TARGET_NAME)";
				SWIFT_VERSION = 5.0;
				TARGETED_DEVICE_FAMILY = "1,2";
			};
			name = Debug;
		};
		BF3987A9254131FD0016B94C /* Release */ = {
			isa = XCBuildConfiguration;
			buildSettings = {
				ASSETCATALOG_COMPILER_APPICON_NAME = AppIcon;
				ASSETCATALOG_COMPILER_GLOBAL_ACCENT_COLOR_NAME = AccentColor;
				CODE_SIGN_STYLE = Automatic;
				DEVELOPMENT_TEAM = RUT7ZF4U86;
				INFOPLIST_FILE = RandomColor/Info.plist;
				LD_RUNPATH_SEARCH_PATHS = (
					"$(inherited)",
					"@executable_path/Frameworks",
				);
				PRODUCT_BUNDLE_IDENTIFIER = io.jacobb.RandomColor;
				PRODUCT_NAME = "$(TARGET_NAME)";
				SWIFT_VERSION = 5.0;
				TARGETED_DEVICE_FAMILY = "1,2";
			};
			name = Release;
		};
		BF3987AB254131FD0016B94C /* Debug */ = {
			isa = XCBuildConfiguration;
			buildSettings = {
				ALWAYS_EMBED_SWIFT_STANDARD_LIBRARIES = YES;
				BUNDLE_LOADER = "$(TEST_HOST)";
				CODE_SIGN_STYLE = Automatic;
				DEVELOPMENT_TEAM = RUT7ZF4U86;
				INFOPLIST_FILE = RandomColorTests/Info.plist;
				IPHONEOS_DEPLOYMENT_TARGET = 14.0;
				LD_RUNPATH_SEARCH_PATHS = (
					"$(inherited)",
					"@executable_path/Frameworks",
					"@loader_path/Frameworks",
				);
				PRODUCT_BUNDLE_IDENTIFIER = io.jacobb.RandomColorTests;
				PRODUCT_NAME = "$(TARGET_NAME)";
				SWIFT_VERSION = 5.0;
				TARGETED_DEVICE_FAMILY = "1,2";
				TEST_HOST = "$(BUILT_PRODUCTS_DIR)/RandomColor.app/RandomColor";
			};
			name = Debug;
		};
		BF3987AC254131FD0016B94C /* Release */ = {
			isa = XCBuildConfiguration;
			buildSettings = {
				ALWAYS_EMBED_SWIFT_STANDARD_LIBRARIES = YES;
				BUNDLE_LOADER = "$(TEST_HOST)";
				CODE_SIGN_STYLE = Automatic;
				DEVELOPMENT_TEAM = RUT7ZF4U86;
				INFOPLIST_FILE = RandomColorTests/Info.plist;
				IPHONEOS_DEPLOYMENT_TARGET = 14.0;
				LD_RUNPATH_SEARCH_PATHS = (
					"$(inherited)",
					"@executable_path/Frameworks",
					"@loader_path/Frameworks",
				);
				PRODUCT_BUNDLE_IDENTIFIER = io.jacobb.RandomColorTests;
				PRODUCT_NAME = "$(TARGET_NAME)";
				SWIFT_VERSION = 5.0;
				TARGETED_DEVICE_FAMILY = "1,2";
				TEST_HOST = "$(BUILT_PRODUCTS_DIR)/RandomColor.app/RandomColor";
			};
			name = Release;
		};
		BF3987AE254131FD0016B94C /* Debug */ = {
			isa = XCBuildConfiguration;
			buildSettings = {
				ALWAYS_EMBED_SWIFT_STANDARD_LIBRARIES = YES;
				CODE_SIGN_STYLE = Automatic;
				DEVELOPMENT_TEAM = RUT7ZF4U86;
				INFOPLIST_FILE = RandomColorUITests/Info.plist;
				LD_RUNPATH_SEARCH_PATHS = (
					"$(inherited)",
					"@executable_path/Frameworks",
					"@loader_path/Frameworks",
				);
				PRODUCT_BUNDLE_IDENTIFIER = io.jacobb.RandomColorUITests;
				PRODUCT_NAME = "$(TARGET_NAME)";
				SWIFT_VERSION = 5.0;
				TARGETED_DEVICE_FAMILY = "1,2";
				TEST_TARGET_NAME = RandomColor;
			};
			name = Debug;
		};
		BF3987AF254131FD0016B94C /* Release */ = {
			isa = XCBuildConfiguration;
			buildSettings = {
				ALWAYS_EMBED_SWIFT_STANDARD_LIBRARIES = YES;
				CODE_SIGN_STYLE = Automatic;
				DEVELOPMENT_TEAM = RUT7ZF4U86;
				INFOPLIST_FILE = RandomColorUITests/Info.plist;
				LD_RUNPATH_SEARCH_PATHS = (
					"$(inherited)",
					"@executable_path/Frameworks",
					"@loader_path/Frameworks",
				);
				PRODUCT_BUNDLE_IDENTIFIER = io.jacobb.RandomColorUITests;
				PRODUCT_NAME = "$(TARGET_NAME)";
				SWIFT_VERSION = 5.0;
				TARGETED_DEVICE_FAMILY = "1,2";
				TEST_TARGET_NAME = RandomColor;
			};
			name = Release;
		};
/* End XCBuildConfiguration section */

/* Begin XCConfigurationList section */
		BF398778254131FC0016B94C /* Build configuration list for PBXProject "RandomColor" */ = {
			isa = XCConfigurationList;
			buildConfigurations = (
				BF3987A5254131FD0016B94C /* Debug */,
				BF3987A6254131FD0016B94C /* Release */,
			);
			defaultConfigurationIsVisible = 0;
			defaultConfigurationName = Release;
		};
		BF3987A7254131FD0016B94C /* Build configuration list for PBXNativeTarget "RandomColor" */ = {
			isa = XCConfigurationList;
			buildConfigurations = (
				BF3987A8254131FD0016B94C /* Debug */,
				BF3987A9254131FD0016B94C /* Release */,
			);
			defaultConfigurationIsVisible = 0;
			defaultConfigurationName = Release;
		};
		BF3987AA254131FD0016B94C /* Build configuration list for PBXNativeTarget "RandomColorTests" */ = {
			isa = XCConfigurationList;
			buildConfigurations = (
				BF3987AB254131FD0016B94C /* Debug */,
				BF3987AC254131FD0016B94C /* Release */,
			);
			defaultConfigurationIsVisible = 0;
			defaultConfigurationName = Release;
		};
		BF3987AD254131FD0016B94C /* Build configuration list for PBXNativeTarget "RandomColorUITests" */ = {
			isa = XCConfigurationList;
			buildConfigurations = (
				BF3987AE254131FD0016B94C /* Debug */,
				BF3987AF254131FD0016B94C /* Release */,
			);
			defaultConfigurationIsVisible = 0;
			defaultConfigurationName = Release;
		};
/* End XCConfigurationList section */
	};
	rootObject = BF398775254131FC0016B94C /* Project object */;
}
